// !$*UTF8*$!
{
	archiveVersion = 1;
	classes = {
	};
	objectVersion = 50;
	objects = {

/* Begin PBXBuildFile section */
		1C6D77FB26410187005300FC /* Stickers.xcassets in Resources */ = {isa = PBXBuildFile; fileRef = 1C6D77FA26410187005300FC /* Stickers.xcassets */; };
		1C6D77FF26410187005300FC /* stickers.appex in Embed App Extensions */ = {isa = PBXBuildFile; fileRef = 1C6D77F826410183005300FC /* stickers.appex */; settings = {ATTRIBUTES = (RemoveHeadersOnCopy, ); }; };
		1CED5FBB263FC8300062EA63 /* sound-chime.mp3 in Resources */ = {isa = PBXBuildFile; fileRef = 1CED5FBA263FC8300062EA63 /* sound-chime.mp3 */; };
		1CED5FBE263FC85C0062EA63 /* play_sound.swift in Sources */ = {isa = PBXBuildFile; fileRef = 1CED5FBD263FC85C0062EA63 /* play_sound.swift */; };
		1CFA92182636B0DA00C42D6D /* AppDelegate.swift in Sources */ = {isa = PBXBuildFile; fileRef = 1CFA92172636B0DA00C42D6D /* AppDelegate.swift */; };
		1CFA921A2636B0DA00C42D6D /* SceneDelegate.swift in Sources */ = {isa = PBXBuildFile; fileRef = 1CFA92192636B0DA00C42D6D /* SceneDelegate.swift */; };
		1CFA921C2636B0DA00C42D6D /* ContentView.swift in Sources */ = {isa = PBXBuildFile; fileRef = 1CFA921B2636B0DA00C42D6D /* ContentView.swift */; };
		1CFA921E2636B0DF00C42D6D /* Assets.xcassets in Resources */ = {isa = PBXBuildFile; fileRef = 1CFA921D2636B0DF00C42D6D /* Assets.xcassets */; };
		1CFA92212636B0DF00C42D6D /* Preview Assets.xcassets in Resources */ = {isa = PBXBuildFile; fileRef = 1CFA92202636B0DF00C42D6D /* Preview Assets.xcassets */; };
		1CFA92242636B0DF00C42D6D /* LaunchScreen.storyboard in Resources */ = {isa = PBXBuildFile; fileRef = 1CFA92222636B0DF00C42D6D /* LaunchScreen.storyboard */; };
		1CFF4B68263A64C800301CE1 /* CardView.swift in Sources */ = {isa = PBXBuildFile; fileRef = 1CFF4B67263A64C800301CE1 /* CardView.swift */; };
		1CFF4B6F263A7C0700301CE1 /* DeveloperData.swift in Sources */ = {isa = PBXBuildFile; fileRef = 1CFF4B6E263A7C0700301CE1 /* DeveloperData.swift */; };
/* End PBXBuildFile section */

/* Begin PBXContainerItemProxy section */
		1C6D77FD26410187005300FC /* PBXContainerItemProxy */ = {
			isa = PBXContainerItemProxy;
			containerPortal = 1CFA920C2636B0DA00C42D6D /* Project object */;
			proxyType = 1;
			remoteGlobalIDString = 1C6D77F726410183005300FC;
			remoteInfo = stickers;
		};
/* End PBXContainerItemProxy section */

/* Begin PBXCopyFilesBuildPhase section */
		1C6D780026410187005300FC /* Embed App Extensions */ = {
			isa = PBXCopyFilesBuildPhase;
			buildActionMask = 2147483647;
			dstPath = "";
			dstSubfolderSpec = 13;
			files = (
				1C6D77FF26410187005300FC /* stickers.appex in Embed App Extensions */,
			);
			name = "Embed App Extensions";
			runOnlyForDeploymentPostprocessing = 0;
		};
/* End PBXCopyFilesBuildPhase section */

/* Begin PBXFileReference section */
		1C6D77F826410183005300FC /* stickers.appex */ = {isa = PBXFileReference; explicitFileType = "wrapper.app-extension"; includeInIndex = 0; path = stickers.appex; sourceTree = BUILT_PRODUCTS_DIR; };
		1C6D77FA26410187005300FC /* Stickers.xcassets */ = {isa = PBXFileReference; lastKnownFileType = folder.assetcatalog; path = Stickers.xcassets; sourceTree = "<group>"; };
		1C6D77FC26410187005300FC /* Info.plist */ = {isa = PBXFileReference; lastKnownFileType = text.plist.xml; path = Info.plist; sourceTree = "<group>"; };
		1CED5FBA263FC8300062EA63 /* sound-chime.mp3 */ = {isa = PBXFileReference; lastKnownFileType = audio.mp3; path = "sound-chime.mp3"; sourceTree = "<group>"; };
		1CED5FBD263FC85C0062EA63 /* play_sound.swift */ = {isa = PBXFileReference; lastKnownFileType = sourcecode.swift; path = play_sound.swift; sourceTree = "<group>"; };
		1CFA92142636B0DA00C42D6D /* DeveloperApp.app */ = {isa = PBXFileReference; explicitFileType = wrapper.application; includeInIndex = 0; path = DeveloperApp.app; sourceTree = BUILT_PRODUCTS_DIR; };
		1CFA92172636B0DA00C42D6D /* AppDelegate.swift */ = {isa = PBXFileReference; lastKnownFileType = sourcecode.swift; path = AppDelegate.swift; sourceTree = "<group>"; };
		1CFA92192636B0DA00C42D6D /* SceneDelegate.swift */ = {isa = PBXFileReference; lastKnownFileType = sourcecode.swift; path = SceneDelegate.swift; sourceTree = "<group>"; };
		1CFA921B2636B0DA00C42D6D /* ContentView.swift */ = {isa = PBXFileReference; lastKnownFileType = sourcecode.swift; path = ContentView.swift; sourceTree = "<group>"; };
		1CFA921D2636B0DF00C42D6D /* Assets.xcassets */ = {isa = PBXFileReference; lastKnownFileType = folder.assetcatalog; path = Assets.xcassets; sourceTree = "<group>"; };
		1CFA92202636B0DF00C42D6D /* Preview Assets.xcassets */ = {isa = PBXFileReference; lastKnownFileType = folder.assetcatalog; path = "Preview Assets.xcassets"; sourceTree = "<group>"; };
		1CFA92232636B0DF00C42D6D /* Base */ = {isa = PBXFileReference; lastKnownFileType = file.storyboard; name = Base; path = Base.lproj/LaunchScreen.storyboard; sourceTree = "<group>"; };
		1CFA92252636B0DF00C42D6D /* Info.plist */ = {isa = PBXFileReference; lastKnownFileType = text.plist.xml; path = Info.plist; sourceTree = "<group>"; };
		1CFF4B67263A64C800301CE1 /* CardView.swift */ = {isa = PBXFileReference; lastKnownFileType = sourcecode.swift; path = CardView.swift; sourceTree = "<group>"; };
		1CFF4B6E263A7C0700301CE1 /* DeveloperData.swift */ = {isa = PBXFileReference; lastKnownFileType = sourcecode.swift; path = DeveloperData.swift; sourceTree = "<group>"; };
/* End PBXFileReference section */

/* Begin PBXFrameworksBuildPhase section */
		1CFA92112636B0DA00C42D6D /* Frameworks */ = {
			isa = PBXFrameworksBuildPhase;
			buildActionMask = 2147483647;
			files = (
			);
			runOnlyForDeploymentPostprocessing = 0;
		};
/* End PBXFrameworksBuildPhase section */

/* Begin PBXGroup section */
		1C6D77F926410183005300FC /* stickers */ = {
			isa = PBXGroup;
			children = (
				1C6D77FA26410187005300FC /* Stickers.xcassets */,
				1C6D77FC26410187005300FC /* Info.plist */,
			);
			path = stickers;
			sourceTree = "<group>";
		};
		1CFA920B2636B0DA00C42D6D = {
			isa = PBXGroup;
			children = (
				1CFA92162636B0DA00C42D6D /* DeveloperApp */,
				1C6D77F926410183005300FC /* stickers */,
				1CFA92152636B0DA00C42D6D /* Products */,
			);
			sourceTree = "<group>";
		};
		1CFA92152636B0DA00C42D6D /* Products */ = {
			isa = PBXGroup;
			children = (
				1CFA92142636B0DA00C42D6D /* DeveloperApp.app */,
				1C6D77F826410183005300FC /* stickers.appex */,
			);
			name = Products;
			sourceTree = "<group>";
		};
		1CFA92162636B0DA00C42D6D /* DeveloperApp */ = {
			isa = PBXGroup;
			children = (
				1CFA92172636B0DA00C42D6D /* AppDelegate.swift */,
				1CFA92192636B0DA00C42D6D /* SceneDelegate.swift */,
				1CFA921B2636B0DA00C42D6D /* ContentView.swift */,
				1CFA921D2636B0DF00C42D6D /* Assets.xcassets */,
				1CED5FBA263FC8300062EA63 /* sound-chime.mp3 */,
				1CFA92222636B0DF00C42D6D /* LaunchScreen.storyboard */,
				1CFA92252636B0DF00C42D6D /* Info.plist */,
				1CFA921F2636B0DF00C42D6D /* Preview Content */,
				1CFF4B67263A64C800301CE1 /* CardView.swift */,
				1CFF4B6E263A7C0700301CE1 /* DeveloperData.swift */,
				1CED5FBD263FC85C0062EA63 /* play_sound.swift */,
			);
			path = DeveloperApp;
			sourceTree = "<group>";
		};
		1CFA921F2636B0DF00C42D6D /* Preview Content */ = {
			isa = PBXGroup;
			children = (
				1CFA92202636B0DF00C42D6D /* Preview Assets.xcassets */,
			);
			path = "Preview Content";
			sourceTree = "<group>";
		};
/* End PBXGroup section */

/* Begin PBXNativeTarget section */
		1C6D77F726410183005300FC /* stickers */ = {
			isa = PBXNativeTarget;
			buildConfigurationList = 1C6D780326410187005300FC /* Build configuration list for PBXNativeTarget "stickers" */;
			buildPhases = (
				1C6D77F626410183005300FC /* Resources */,
			);
			buildRules = (
			);
			dependencies = (
			);
			name = stickers;
			productName = stickers;
			productReference = 1C6D77F826410183005300FC /* stickers.appex */;
			productType = "com.apple.product-type.app-extension.messages-sticker-pack";
		};
		1CFA92132636B0DA00C42D6D /* DeveloperApp */ = {
			isa = PBXNativeTarget;
			buildConfigurationList = 1CFA92282636B0DF00C42D6D /* Build configuration list for PBXNativeTarget "DeveloperApp" */;
			buildPhases = (
				1CFA92102636B0DA00C42D6D /* Sources */,
				1CFA92112636B0DA00C42D6D /* Frameworks */,
				1CFA92122636B0DA00C42D6D /* Resources */,
				1C6D780026410187005300FC /* Embed App Extensions */,
			);
			buildRules = (
			);
			dependencies = (
				1C6D77FE26410187005300FC /* PBXTargetDependency */,
			);
			name = DeveloperApp;
			productName = DeveloperApp;
			productReference = 1CFA92142636B0DA00C42D6D /* DeveloperApp.app */;
			productType = "com.apple.product-type.application";
		};
/* End PBXNativeTarget section */

/* Begin PBXProject section */
		1CFA920C2636B0DA00C42D6D /* Project object */ = {
			isa = PBXProject;
			attributes = {
				LastSwiftUpdateCheck = 1240;
				LastUpgradeCheck = 1240;
				TargetAttributes = {
					1C6D77F726410183005300FC = {
						CreatedOnToolsVersion = 12.4;
					};
					1CFA92132636B0DA00C42D6D = {
						CreatedOnToolsVersion = 12.4;
					};
				};
			};
			buildConfigurationList = 1CFA920F2636B0DA00C42D6D /* Build configuration list for PBXProject "DeveloperApp" */;
			compatibilityVersion = "Xcode 9.3";
			developmentRegion = en;
			hasScannedForEncodings = 0;
			knownRegions = (
				en,
				Base,
			);
			mainGroup = 1CFA920B2636B0DA00C42D6D;
			productRefGroup = 1CFA92152636B0DA00C42D6D /* Products */;
			projectDirPath = "";
			projectRoot = "";
			targets = (
				1CFA92132636B0DA00C42D6D /* DeveloperApp */,
				1C6D77F726410183005300FC /* stickers */,
			);
		};
/* End PBXProject section */

/* Begin PBXResourcesBuildPhase section */
		1C6D77F626410183005300FC /* Resources */ = {
			isa = PBXResourcesBuildPhase;
			buildActionMask = 2147483647;
			files = (
				1C6D77FB26410187005300FC /* Stickers.xcassets in Resources */,
			);
			runOnlyForDeploymentPostprocessing = 0;
		};
		1CFA92122636B0DA00C42D6D /* Resources */ = {
			isa = PBXResourcesBuildPhase;
			buildActionMask = 2147483647;
			files = (
				1CFA92242636B0DF00C42D6D /* LaunchScreen.storyboard in Resources */,
				1CED5FBB263FC8300062EA63 /* sound-chime.mp3 in Resources */,
				1CFA92212636B0DF00C42D6D /* Preview Assets.xcassets in Resources */,
				1CFA921E2636B0DF00C42D6D /* Assets.xcassets in Resources */,
			);
			runOnlyForDeploymentPostprocessing = 0;
		};
/* End PBXResourcesBuildPhase section */

/* Begin PBXSourcesBuildPhase section */
		1CFA92102636B0DA00C42D6D /* Sources */ = {
			isa = PBXSourcesBuildPhase;
			buildActionMask = 2147483647;
			files = (
				1CFA92182636B0DA00C42D6D /* AppDelegate.swift in Sources */,
				1CED5FBE263FC85C0062EA63 /* play_sound.swift in Sources */,
				1CFA921A2636B0DA00C42D6D /* SceneDelegate.swift in Sources */,
				1CFF4B6F263A7C0700301CE1 /* DeveloperData.swift in Sources */,
				1CFF4B68263A64C800301CE1 /* CardView.swift in Sources */,
				1CFA921C2636B0DA00C42D6D /* ContentView.swift in Sources */,
			);
			runOnlyForDeploymentPostprocessing = 0;
		};
/* End PBXSourcesBuildPhase section */

/* Begin PBXTargetDependency section */
		1C6D77FE26410187005300FC /* PBXTargetDependency */ = {
			isa = PBXTargetDependency;
			target = 1C6D77F726410183005300FC /* stickers */;
			targetProxy = 1C6D77FD26410187005300FC /* PBXContainerItemProxy */;
		};
/* End PBXTargetDependency section */

/* Begin PBXVariantGroup section */
		1CFA92222636B0DF00C42D6D /* LaunchScreen.storyboard */ = {
			isa = PBXVariantGroup;
			children = (
				1CFA92232636B0DF00C42D6D /* Base */,
			);
			name = LaunchScreen.storyboard;
			sourceTree = "<group>";
		};
/* End PBXVariantGroup section */

/* Begin XCBuildConfiguration section */
		1C6D780126410187005300FC /* Debug */ = {
			isa = XCBuildConfiguration;
			buildSettings = {
				ASSETCATALOG_COMPILER_APPICON_NAME = "iMessage App Icon";
				CODE_SIGN_IDENTITY = "Apple Development";
				CODE_SIGN_STYLE = Automatic;
				DEVELOPMENT_TEAM = V9L6QN4685;
				INFOPLIST_FILE = stickers/Info.plist;
				IPHONEOS_DEPLOYMENT_TARGET = 10.0;
				PRODUCT_BUNDLE_IDENTIFIER = com.debut.DeveloperApp.stickers;
				PRODUCT_NAME = "$(TARGET_NAME)";
				SKIP_INSTALL = YES;
				TARGETED_DEVICE_FAMILY = "1,2";
			};
			name = Debug;
		};
		1C6D780226410187005300FC /* Release */ = {
			isa = XCBuildConfiguration;
			buildSettings = {
				ASSETCATALOG_COMPILER_APPICON_NAME = "iMessage App Icon";
				CODE_SIGN_STYLE = Automatic;
				DEVELOPMENT_TEAM = V9L6QN4685;
				INFOPLIST_FILE = stickers/Info.plist;
				IPHONEOS_DEPLOYMENT_TARGET = 10.0;
				PRODUCT_BUNDLE_IDENTIFIER = com.debut.DeveloperApp.stickers;
				PRODUCT_NAME = "$(TARGET_NAME)";
				SKIP_INSTALL = YES;
				TARGETED_DEVICE_FAMILY = "1,2";
			};
			name = Release;
		};
		1CFA92262636B0DF00C42D6D /* Debug */ = {
			isa = XCBuildConfiguration;
			buildSettings = {
				ALWAYS_SEARCH_USER_PATHS = NO;
				CLANG_ANALYZER_NONNULL = YES;
				CLANG_ANALYZER_NUMBER_OBJECT_CONVERSION = YES_AGGRESSIVE;
				CLANG_CXX_LANGUAGE_STANDARD = "gnu++14";
				CLANG_CXX_LIBRARY = "libc++";
				CLANG_ENABLE_MODULES = YES;
				CLANG_ENABLE_OBJC_ARC = YES;
				CLANG_ENABLE_OBJC_WEAK = YES;
				CLANG_WARN_BLOCK_CAPTURE_AUTORELEASING = YES;
				CLANG_WARN_BOOL_CONVERSION = YES;
				CLANG_WARN_COMMA = YES;
				CLANG_WARN_CONSTANT_CONVERSION = YES;
				CLANG_WARN_DEPRECATED_OBJC_IMPLEMENTATIONS = YES;
				CLANG_WARN_DIRECT_OBJC_ISA_USAGE = YES_ERROR;
				CLANG_WARN_DOCUMENTATION_COMMENTS = YES;
				CLANG_WARN_EMPTY_BODY = YES;
				CLANG_WARN_ENUM_CONVERSION = YES;
				CLANG_WARN_INFINITE_RECURSION = YES;
				CLANG_WARN_INT_CONVERSION = YES;
				CLANG_WARN_NON_LITERAL_NULL_CONVERSION = YES;
				CLANG_WARN_OBJC_IMPLICIT_RETAIN_SELF = YES;
				CLANG_WARN_OBJC_LITERAL_CONVERSION = YES;
				CLANG_WARN_OBJC_ROOT_CLASS = YES_ERROR;
				CLANG_WARN_QUOTED_INCLUDE_IN_FRAMEWORK_HEADER = YES;
				CLANG_WARN_RANGE_LOOP_ANALYSIS = YES;
				CLANG_WARN_STRICT_PROTOTYPES = YES;
				CLANG_WARN_SUSPICIOUS_MOVE = YES;
				CLANG_WARN_UNGUARDED_AVAILABILITY = YES_AGGRESSIVE;
				CLANG_WARN_UNREACHABLE_CODE = YES;
				CLANG_WARN__DUPLICATE_METHOD_MATCH = YES;
				COPY_PHASE_STRIP = NO;
				DEBUG_INFORMATION_FORMAT = dwarf;
				ENABLE_STRICT_OBJC_MSGSEND = YES;
				ENABLE_TESTABILITY = YES;
				GCC_C_LANGUAGE_STANDARD = gnu11;
				GCC_DYNAMIC_NO_PIC = NO;
				GCC_NO_COMMON_BLOCKS = YES;
				GCC_OPTIMIZATION_LEVEL = 0;
				GCC_PREPROCESSOR_DEFINITIONS = (
					"DEBUG=1",
					"$(inherited)",
				);
				GCC_WARN_64_TO_32_BIT_CONVERSION = YES;
				GCC_WARN_ABOUT_RETURN_TYPE = YES_ERROR;
				GCC_WARN_UNDECLARED_SELECTOR = YES;
				GCC_WARN_UNINITIALIZED_AUTOS = YES_AGGRESSIVE;
				GCC_WARN_UNUSED_FUNCTION = YES;
				GCC_WARN_UNUSED_VARIABLE = YES;
				IPHONEOS_DEPLOYMENT_TARGET = 14.4;
				MTL_ENABLE_DEBUG_INFO = INCLUDE_SOURCE;
				MTL_FAST_MATH = YES;
				ONLY_ACTIVE_ARCH = YES;
				SDKROOT = iphoneos;
				SWIFT_ACTIVE_COMPILATION_CONDITIONS = DEBUG;
				SWIFT_OPTIMIZATION_LEVEL = "-Onone";
			};
			name = Debug;
		};
		1CFA92272636B0DF00C42D6D /* Release */ = {
			isa = XCBuildConfiguration;
			buildSettings = {
				ALWAYS_SEARCH_USER_PATHS = NO;
				CLANG_ANALYZER_NONNULL = YES;
				CLANG_ANALYZER_NUMBER_OBJECT_CONVERSION = YES_AGGRESSIVE;
				CLANG_CXX_LANGUAGE_STANDARD = "gnu++14";
				CLANG_CXX_LIBRARY = "libc++";
				CLANG_ENABLE_MODULES = YES;
				CLANG_ENABLE_OBJC_ARC = YES;
				CLANG_ENABLE_OBJC_WEAK = YES;
				CLANG_WARN_BLOCK_CAPTURE_AUTORELEASING = YES;
				CLANG_WARN_BOOL_CONVERSION = YES;
				CLANG_WARN_COMMA = YES;
				CLANG_WARN_CONSTANT_CONVERSION = YES;
				CLANG_WARN_DEPRECATED_OBJC_IMPLEMENTATIONS = YES;
				CLANG_WARN_DIRECT_OBJC_ISA_USAGE = YES_ERROR;
				CLANG_WARN_DOCUMENTATION_COMMENTS = YES;
				CLANG_WARN_EMPTY_BODY = YES;
				CLANG_WARN_ENUM_CONVERSION = YES;
				CLANG_WARN_INFINITE_RECURSION = YES;
				CLANG_WARN_INT_CONVERSION = YES;
				CLANG_WARN_NON_LITERAL_NULL_CONVERSION = YES;
				CLANG_WARN_OBJC_IMPLICIT_RETAIN_SELF = YES;
				CLANG_WARN_OBJC_LITERAL_CONVERSION = YES;
				CLANG_WARN_OBJC_ROOT_CLASS = YES_ERROR;
				CLANG_WARN_QUOTED_INCLUDE_IN_FRAMEWORK_HEADER = YES;
				CLANG_WARN_RANGE_LOOP_ANALYSIS = YES;
				CLANG_WARN_STRICT_PROTOTYPES = YES;
				CLANG_WARN_SUSPICIOUS_MOVE = YES;
				CLANG_WARN_UNGUARDED_AVAILABILITY = YES_AGGRESSIVE;
				CLANG_WARN_UNREACHABLE_CODE = YES;
				CLANG_WARN__DUPLICATE_METHOD_MATCH = YES;
				COPY_PHASE_STRIP = NO;
				DEBUG_INFORMATION_FORMAT = "dwarf-with-dsym";
				ENABLE_NS_ASSERTIONS = NO;
				ENABLE_STRICT_OBJC_MSGSEND = YES;
				GCC_C_LANGUAGE_STANDARD = gnu11;
				GCC_NO_COMMON_BLOCKS = YES;
				GCC_WARN_64_TO_32_BIT_CONVERSION = YES;
				GCC_WARN_ABOUT_RETURN_TYPE = YES_ERROR;
				GCC_WARN_UNDECLARED_SELECTOR = YES;
				GCC_WARN_UNINITIALIZED_AUTOS = YES_AGGRESSIVE;
				GCC_WARN_UNUSED_FUNCTION = YES;
				GCC_WARN_UNUSED_VARIABLE = YES;
				IPHONEOS_DEPLOYMENT_TARGET = 14.4;
				MTL_ENABLE_DEBUG_INFO = NO;
				MTL_FAST_MATH = YES;
				SDKROOT = iphoneos;
				SWIFT_COMPILATION_MODE = wholemodule;
				SWIFT_OPTIMIZATION_LEVEL = "-O";
				VALIDATE_PRODUCT = YES;
			};
			name = Release;
		};
		1CFA92292636B0DF00C42D6D /* Debug */ = {
			isa = XCBuildConfiguration;
			buildSettings = {
				ASSETCATALOG_COMPILER_APPICON_NAME = AppIcon;
				ASSETCATALOG_COMPILER_GLOBAL_ACCENT_COLOR_NAME = AccentColor;
				CODE_SIGN_IDENTITY = "Apple Development";
				CODE_SIGN_STYLE = Automatic;
				DEVELOPMENT_ASSET_PATHS = "\"DeveloperApp/Preview Content\"";
				DEVELOPMENT_TEAM = V9L6QN4685;
				ENABLE_PREVIEWS = YES;
				INFOPLIST_FILE = DeveloperApp/Info.plist;
				LD_RUNPATH_SEARCH_PATHS = (
					"$(inherited)",
					"@executable_path/Frameworks",
				);
				PRODUCT_BUNDLE_IDENTIFIER = com.debut.DeveloperApp;
				PRODUCT_NAME = "$(TARGET_NAME)";
				PROVISIONING_PROFILE_SPECIFIER = "";
				SWIFT_VERSION = 5.0;
				TARGETED_DEVICE_FAMILY = "1,2";
			};
			name = Debug;
		};
		1CFA922A2636B0DF00C42D6D /* Release */ = {
			isa = XCBuildConfiguration;
			buildSettings = {
				ASSETCATALOG_COMPILER_APPICON_NAME = AppIcon;
				ASSETCATALOG_COMPILER_GLOBAL_ACCENT_COLOR_NAME = AccentColor;
				CODE_SIGN_STYLE = Automatic;
				DEVELOPMENT_ASSET_PATHS = "\"DeveloperApp/Preview Content\"";
				DEVELOPMENT_TEAM = V9L6QN4685;
				ENABLE_PREVIEWS = YES;
				INFOPLIST_FILE = DeveloperApp/Info.plist;
				LD_RUNPATH_SEARCH_PATHS = (
					"$(inherited)",
					"@executable_path/Frameworks",
				);
				PRODUCT_BUNDLE_IDENTIFIER = com.debut.DeveloperApp;
				PRODUCT_NAME = "$(TARGET_NAME)";
				SWIFT_VERSION = 5.0;
				TARGETED_DEVICE_FAMILY = "1,2";
			};
			name = Release;
		};
/* End XCBuildConfiguration section */

/* Begin XCConfigurationList section */
		1C6D780326410187005300FC /* Build configuration list for PBXNativeTarget "stickers" */ = {
			isa = XCConfigurationList;
			buildConfigurations = (
				1C6D780126410187005300FC /* Debug */,
				1C6D780226410187005300FC /* Release */,
			);
			defaultConfigurationIsVisible = 0;
			defaultConfigurationName = Release;
		};
		1CFA920F2636B0DA00C42D6D /* Build configuration list for PBXProject "DeveloperApp" */ = {
			isa = XCConfigurationList;
			buildConfigurations = (
				1CFA92262636B0DF00C42D6D /* Debug */,
				1CFA92272636B0DF00C42D6D /* Release */,
			);
			defaultConfigurationIsVisible = 0;
			defaultConfigurationName = Release;
		};
		1CFA92282636B0DF00C42D6D /* Build configuration list for PBXNativeTarget "DeveloperApp" */ = {
			isa = XCConfigurationList;
			buildConfigurations = (
				1CFA92292636B0DF00C42D6D /* Debug */,
				1CFA922A2636B0DF00C42D6D /* Release */,
			);
			defaultConfigurationIsVisible = 0;
			defaultConfigurationName = Release;
		};
/* End XCConfigurationList section */
	};
	rootObject = 1CFA920C2636B0DA00C42D6D /* Project object */;
}
